
Microsoft Visual Studio Solution File, Format Version 12.00
# Visual Studio Version 16
VisualStudioVersion = 16.0.30711.63
MinimumVisualStudioVersion = 10.0.40219.1
Project("{9A19103F-16F7-4668-BE54-9A1E7A4F7556}") = "KampIntro", "KampIntro\KampIntro.csproj", "{75654829-1ED4-414B-8482-FD386AE9A54A}"
EndProject
Project("{9A19103F-16F7-4668-BE54-9A1E7A4F7556}") = "Donguler", "Donguler\Donguler.csproj", "{4C24F766-867C-457A-8AC9-1140A1B16E64}"
EndProject
Project("{9A19103F-16F7-4668-BE54-9A1E7A4F7556}") = "ClassIntro", "ClassIntro\ClassIntro.csproj", "{8A1C4CDF-8691-4152-A7D7-D2A177CA7650}"
EndProject
Project("{9A19103F-16F7-4668-BE54-9A1E7A4F7556}") = "ClassIntro2", "ClassIntro2\ClassIntro2.csproj", "{31C8F214-A793-4F15-B3AD-86CEB9438D3B}"
EndProject
Project("{9A19103F-16F7-4668-BE54-9A1E7A4F7556}") = "Metotlar", "Metotlar\Metotlar.csproj", "{1825447C-2620-4ADD-9107-5EFF1AFDF443}"
EndProject
Project("{9A19103F-16F7-4668-BE54-9A1E7A4F7556}") = "DegerVeReferansTipler", "DegerVeReferansTipler\DegerVeReferansTipler.csproj", "{A4AD1C2D-FF21-412D-BBAF-241E66BD05CC}"
EndProject
Project("{9A19103F-16F7-4668-BE54-9A1E7A4F7556}") = "Matematık", "Matematık\Matematık.csproj", "{B3913CB4-9D21-4805-9DA2-2E89361AF77B}"
EndProject
Project("{9A19103F-16F7-4668-BE54-9A1E7A4F7556}") = "ClassMetotDemo", "ClassMetotDemo\ClassMetotDemo.csproj", "{A599F6EB-F723-4444-91A5-6ACD86B0A2B7}"
EndProject
Project("{9A19103F-16F7-4668-BE54-9A1E7A4F7556}") = "OOP1", "OOP1\OOP1.csproj", "{58B8F0D2-26EE-4932-B7F8-5C39DE7BBB22}"
EndProject
Project("{9A19103F-16F7-4668-BE54-9A1E7A4F7556}") = "Koleksiyonlar", "Koleksiyonlar\Koleksiyonlar.csproj", "{6F147EAA-D7CD-44F9-AF16-C8B21C6A80F2}"
EndProject
Project("{9A19103F-16F7-4668-BE54-9A1E7A4F7556}") = "GenericsIntro", "GenericsIntro\GenericsIntro.csproj", "{E35AC347-B856-4A67-B441-891FBAB5FF70}"
EndProject
Project("{FAE04EC0-301F-11D3-BF4B-00C04F79EFBC}") = "Oop2", "Oop2\Oop2.csproj", "{65A54587-2A4A-40B1-B777-91E13462E6CB}"
EndProject
Global
	GlobalSection(SolutionConfigurationPlatforms) = preSolution
		Debug|Any CPU = Debug|Any CPU
		Release|Any CPU = Release|Any CPU
	EndGlobalSection
	GlobalSection(ProjectConfigurationPlatforms) = postSolution
		{75654829-1ED4-414B-8482-FD386AE9A54A}.Debug|Any CPU.ActiveCfg = Debug|Any CPU
		{75654829-1ED4-414B-8482-FD386AE9A54A}.Debug|Any CPU.Build.0 = Debug|Any CPU
		{75654829-1ED4-414B-8482-FD386AE9A54A}.Release|Any CPU.ActiveCfg = Release|Any CPU
		{75654829-1ED4-414B-8482-FD386AE9A54A}.Release|Any CPU.Build.0 = Release|Any CPU
		{4C24F766-867C-457A-8AC9-1140A1B16E64}.Debug|Any CPU.ActiveCfg = Debug|Any CPU
		{4C24F766-867C-457A-8AC9-1140A1B16E64}.Debug|Any CPU.Build.0 = Debug|Any CPU
		{4C24F766-867C-457A-8AC9-1140A1B16E64}.Release|Any CPU.ActiveCfg = Release|Any CPU
		{4C24F766-867C-457A-8AC9-1140A1B16E64}.Release|Any CPU.Build.0 = Release|Any CPU
		{8A1C4CDF-8691-4152-A7D7-D2A177CA7650}.Debug|Any CPU.ActiveCfg = Debug|Any CPU
		{8A1C4CDF-8691-4152-A7D7-D2A177CA7650}.Debug|Any CPU.Build.0 = Debug|Any CPU
		{8A1C4CDF-8691-4152-A7D7-D2A177CA7650}.Release|Any CPU.ActiveCfg = Release|Any CPU
		{8A1C4CDF-8691-4152-A7D7-D2A177CA7650}.Release|Any CPU.Build.0 = Release|Any CPU
		{31C8F214-A793-4F15-B3AD-86CEB9438D3B}.Debug|Any CPU.ActiveCfg = Debug|Any CPU
		{31C8F214-A793-4F15-B3AD-86CEB9438D3B}.Debug|Any CPU.Build.0 = Debug|Any CPU
		{31C8F214-A793-4F15-B3AD-86CEB9438D3B}.Release|Any CPU.ActiveCfg = Release|Any CPU
		{31C8F214-A793-4F15-B3AD-86CEB9438D3B}.Release|Any CPU.Build.0 = Release|Any CPU
		{1825447C-2620-4ADD-9107-5EFF1AFDF443}.Debug|Any CPU.ActiveCfg = Debug|Any CPU
		{1825447C-2620-4ADD-9107-5EFF1AFDF443}.Debug|Any CPU.Build.0 = Debug|Any CPU
		{1825447C-2620-4ADD-9107-5EFF1AFDF443}.Release|Any CPU.ActiveCfg = Release|Any CPU
		{1825447C-2620-4ADD-9107-5EFF1AFDF443}.Release|Any CPU.Build.0 = Release|Any CPU
		{A4AD1C2D-FF21-412D-BBAF-241E66BD05CC}.Debug|Any CPU.ActiveCfg = Debug|Any CPU
		{A4AD1C2D-FF21-412D-BBAF-241E66BD05CC}.Debug|Any CPU.Build.0 = Debug|Any CPU
		{A4AD1C2D-FF21-412D-BBAF-241E66BD05CC}.Release|Any CPU.ActiveCfg = Release|Any CPU
		{A4AD1C2D-FF21-412D-BBAF-241E66BD05CC}.Release|Any CPU.Build.0 = Release|Any CPU
		{B3913CB4-9D21-4805-9DA2-2E89361AF77B}.Debug|Any CPU.ActiveCfg = Debug|Any CPU
		{B3913CB4-9D21-4805-9DA2-2E89361AF77B}.Debug|Any CPU.Build.0 = Debug|Any CPU
		{B3913CB4-9D21-4805-9DA2-2E89361AF77B}.Release|Any CPU.ActiveCfg = Release|Any CPU
		{B3913CB4-9D21-4805-9DA2-2E89361AF77B}.Release|Any CPU.Build.0 = Release|Any CPU
		{A599F6EB-F723-4444-91A5-6ACD86B0A2B7}.Debug|Any CPU.ActiveCfg = Debug|Any CPU
		{A599F6EB-F723-4444-91A5-6ACD86B0A2B7}.Debug|Any CPU.Build.0 = Debug|Any CPU
		{A599F6EB-F723-4444-91A5-6ACD86B0A2B7}.Release|Any CPU.ActiveCfg = Release|Any CPU
		{A599F6EB-F723-4444-91A5-6ACD86B0A2B7}.Release|Any CPU.Build.0 = Release|Any CPU
		{58B8F0D2-26EE-4932-B7F8-5C39DE7BBB22}.Debug|Any CPU.ActiveCfg = Debug|Any CPU
		{58B8F0D2-26EE-4932-B7F8-5C39DE7BBB22}.Debug|Any CPU.Build.0 = Debug|Any CPU
		{58B8F0D2-26EE-4932-B7F8-5C39DE7BBB22}.Release|Any CPU.ActiveCfg = Release|Any CPU
		{58B8F0D2-26EE-4932-B7F8-5C39DE7BBB22}.Release|Any CPU.Build.0 = Release|Any CPU
		{6F147EAA-D7CD-44F9-AF16-C8B21C6A80F2}.Debug|Any CPU.ActiveCfg = Debug|Any CPU
		{6F147EAA-D7CD-44F9-AF16-C8B21C6A80F2}.Debug|Any CPU.Build.0 = Debug|Any CPU
		{6F147EAA-D7CD-44F9-AF16-C8B21C6A80F2}.Release|Any CPU.ActiveCfg = Release|Any CPU
		{6F147EAA-D7CD-44F9-AF16-C8B21C6A80F2}.Release|Any CPU.Build.0 = Release|Any CPU
		{E35AC347-B856-4A67-B441-891FBAB5FF70}.Debug|Any CPU.ActiveCfg = Debug|Any CPU
		{E35AC347-B856-4A67-B441-891FBAB5FF70}.Debug|Any CPU.Build.0 = Debug|Any CPU
		{E35AC347-B856-4A67-B441-891FBAB5FF70}.Release|Any CPU.ActiveCfg = Release|Any CPU
		{E35AC347-B856-4A67-B441-891FBAB5FF70}.Release|Any CPU.Build.0 = Release|Any CPU
		{65A54587-2A4A-40B1-B777-91E13462E6CB}.Debug|Any CPU.ActiveCfg = Debug|Any CPU
		{65A54587-2A4A-40B1-B777-91E13462E6CB}.Debug|Any CPU.Build.0 = Debug|Any CPU
		{65A54587-2A4A-40B1-B777-91E13462E6CB}.Release|Any CPU.ActiveCfg = Release|Any CPU
		{65A54587-2A4A-40B1-B777-91E13462E6CB}.Release|Any CPU.Build.0 = Release|Any CPU
	EndGlobalSection
	GlobalSection(SolutionProperties) = preSolution
		HideSolutionNode = FALSE
	EndGlobalSection
	GlobalSection(ExtensibilityGlobals) = postSolution
		SolutionGuid = {5BB00288-4B7C-418E-8D79-3FABB782204B}
	EndGlobalSection
EndGlobal
